dependencies:
- name: securely-dashboard
  repository: file://../securely-dashboard
  version: 0.1.0
- name: securely-logstash
  repository: file://../securely-logstash
  version: 0.1.0
digest: sha256:a5082020f196052b863e7edea0465617a45e329253efcf7f96dbd01006b4f89f
generated: "2023-10-05T19:43:05.78712749+02:00"
